# This file is autogenerated, do not edit; changes may be undone by the next 'dep ensure'.


[[projects]]
  branch = "master"
  digest = "1:fb85a4f79d7e6bbe69d8514da5f4e5b83653e598149c6263ee2bc19568a7ea77"
  name = "github.com/coyim/constbn"
  packages = ["."]
  pruneopts = "UT"
  revision = "cf80c486b2136e171568543ad98112f201acd280"

[solve-meta]
  analyzer-name = "dep"
  analyzer-version = 1
  input-imports = ["github.com/coyim/constbn"]
  solver-name = "gps-cdcl"
  solver-version = 1
