# This file is autogenerated, do not edit; changes may be undone by the next 'dep ensure'.


[[projects]]
  branch = "master"
  name = "github.com/coyim/gotrax"
  packages = ["."]
  revision = "28264998edad01b96574dc0dea61857993f132fe"

[solve-meta]
  analyzer-name = "dep"
  analyzer-version = 1
  inputs-digest = "d53bf394d6ec72c81949245e3f61bc392e28692ece58c6b78ada95caeb0b3e0a"
  solver-name = "gps-cdcl"
  solver-version = 1
